PODS:
  - AFNetworking (3.1.0):
    - AFNetworking/NSURLSession (= 3.1.0)
    - AFNetworking/Reachability (= 3.1.0)
    - AFNetworking/Security (= 3.1.0)
    - AFNetworking/Serialization (= 3.1.0)
    - AFNetworking/UIKit (= 3.1.0)
  - AFNetworking/NSURLSession (3.1.0):
    - AFNetworking/Reachability
    - AFNetworking/Security
    - AFNetworking/Serialization
  - AFNetworking/Reachability (3.1.0)
  - AFNetworking/Security (3.1.0)
  - AFNetworking/Serialization (3.1.0)
  - AFNetworking/UIKit (3.1.0):
    - AFNetworking/NSURLSession
  - CocoaLumberjack (3.0.0):
    - CocoaLumberjack/Default (= 3.0.0)
    - CocoaLumberjack/Extensions (= 3.0.0)
  - CocoaLumberjack/Core (3.0.0)
  - CocoaLumberjack/Default (3.0.0):
    - CocoaLumberjack/Core
  - CocoaLumberjack/Extensions (3.0.0):
    - CocoaLumberjack/Default
  - commonLib (0.1.0):
    - AFNetworking
    - CocoaLumberjack
    - JLRoutes
    - JSONModel
    - PINCache
    - SDWebImage
  - JLRoutes (2.0)
  - JSONModel (1.7.0)
  - Masonry (1.0.2)
  - MSAppModuleWebApp (0.2.3):
    - MSAppModuleWebApp/WebBridgeCore (= 0.2.3)
    - MSAppModuleWebApp/WebViewController (= 0.2.3)
  - MSAppModuleWebApp/WebBridgeCore (0.2.3):
    - WebViewJavascriptBridge
  - MSAppModuleWebApp/WebViewController (0.2.3):
    - Masonry
    - SDWebImage
  - PINCache (2.3)
  - SDWebImage (3.8.2):
    - SDWebImage/Core (= 3.8.2)
  - SDWebImage/Core (3.8.2)
  - WebViewJavascriptBridge (5.0.5)

DEPENDENCIES:
  - commonLib (from `https://github.com/yanghl/commonLib.git`)
  - MSAppModuleWebApp (from `../`)

EXTERNAL SOURCES:
  commonLib:
    :git: https://github.com/yanghl/commonLib.git
  MSAppModuleWebApp:
    :path: "../"

CHECKOUT OPTIONS:
  commonLib:
    :commit: 884f8ae3453188792bf54b983031e327d66c6bb3
    :git: https://github.com/yanghl/commonLib.git

SPEC CHECKSUMS:
  AFNetworking: 5e0e199f73d8626b11e79750991f5d173d1f8b67
  CocoaLumberjack: c823149bccc5519a9447aeb433be7b1212a7d6a5
  commonLib: 318cdbcbb0c7c6d3237701cb03c5ca03cf13db96
  JLRoutes: 0bead23690bafa726e1528aa6459a56c9b81cb5e
  JSONModel: 840bc0fcffb24b8454d2c026bf26fea454b8e98d
  Masonry: 7c429b56da9d4ee0bbb3ed77a5ea710d6a5df39e
  MSAppModuleWebApp: 1a79b75b4e06def88899f655313dbe6bbcd8d945
  PINCache: ce36ed282031b92fc7733ffe831f474ff80fddc2
  SDWebImage: '098e97e6176540799c27e804c96653ee0833d13c'
  WebViewJavascriptBridge: a4d502315f1b8d9a51cd6a9174147ed567ec3bc5

PODFILE CHECKSUM: 3c683d910daf419083463b2b1037a9d3e0f16944

COCOAPODS: 1.1.1
